
Microsoft Visual Studio Solution File, Format Version 12.00
# Visual Studio 14
VisualStudioVersion = 14.0.25420.1
MinimumVisualStudioVersion = 10.0.40219.1
Project("{FAE04EC0-301F-11D3-BF4B-00C04F79EFBC}") = "JGC", "JGC\JGC.csproj", "{092DB53F-DC7A-4422-90C9-A30B62E2DDC9}"
EndProject
Project("{FAE04EC0-301F-11D3-BF4B-00C04F79EFBC}") = "CORE.JGC", "CORE.JGC\CORE.JGC.csproj", "{F4EE58D0-02B4-484E-A978-BC0A2CAC98BB}"
EndProject
Global
	GlobalSection(SolutionConfigurationPlatforms) = preSolution
		Debug|Any CPU = Debug|Any CPU
		Release|Any CPU = Release|Any CPU
	EndGlobalSection
	GlobalSection(ProjectConfigurationPlatforms) = postSolution
		{092DB53F-DC7A-4422-90C9-A30B62E2DDC9}.Debug|Any CPU.ActiveCfg = Debug|Any CPU
		{092DB53F-DC7A-4422-90C9-A30B62E2DDC9}.Debug|Any CPU.Build.0 = Debug|Any CPU
		{092DB53F-DC7A-4422-90C9-A30B62E2DDC9}.Release|Any CPU.ActiveCfg = Release|Any CPU
		{092DB53F-DC7A-4422-90C9-A30B62E2DDC9}.Release|Any CPU.Build.0 = Release|Any CPU
		{F4EE58D0-02B4-484E-A978-BC0A2CAC98BB}.Debug|Any CPU.ActiveCfg = Debug|Any CPU
		{F4EE58D0-02B4-484E-A978-BC0A2CAC98BB}.Debug|Any CPU.Build.0 = Debug|Any CPU
		{F4EE58D0-02B4-484E-A978-BC0A2CAC98BB}.Release|Any CPU.ActiveCfg = Release|Any CPU
		{F4EE58D0-02B4-484E-A978-BC0A2CAC98BB}.Release|Any CPU.Build.0 = Release|Any CPU
	EndGlobalSection
	GlobalSection(SolutionProperties) = preSolution
		HideSolutionNode = FALSE
	EndGlobalSection
EndGlobal
